PODS:
  - AppAuth (1.6.2):
    - AppAuth/Core (= 1.6.2)
    - AppAuth/ExternalUserAgent (= 1.6.2)
  - AppAuth/Core (1.6.2)
  - AppAuth/ExternalUserAgent (1.6.2):
    - AppAuth/Core
  - DKImagePickerController/Core (4.3.4):
    - DKImagePickerController/ImageDataManager
    - DKImagePickerController/Resource
  - DKImagePickerController/ImageDataManager (4.3.4)
  - DKImagePickerController/PhotoGallery (4.3.4):
    - DKImagePickerController/Core
    - DKPhotoGallery
  - DKImagePickerController/Resource (4.3.4)
  - DKPhotoGallery (0.0.17):
    - DKPhotoGallery/Core (= 0.0.17)
    - DKPhotoGallery/Model (= 0.0.17)
    - DKPhotoGallery/Preview (= 0.0.17)
    - DKPhotoGallery/Resource (= 0.0.17)
    - SDWebImage
    - SwiftyGif
  - DKPhotoGallery/Core (0.0.17):
    - DKPhotoGallery/Model
    - DKPhotoGallery/Preview
    - SDWebImage
    - SwiftyGif
  - DKPhotoGallery/Model (0.0.17):
    - SDWebImage
    - SwiftyGif
  - DKPhotoGallery/Preview (0.0.17):
    - DKPhotoGallery/Model
    - DKPhotoGallery/Resource
    - SDWebImage
    - SwiftyGif
  - DKPhotoGallery/Resource (0.0.17):
    - SDWebImage
    - SwiftyGif
  - file_picker (0.0.1):
    - DKImagePickerController/PhotoGallery
    - Flutter
  - Flutter (1.0.0)
  - FMDB (2.7.5):
    - FMDB/standard (= 2.7.5)
  - FMDB/standard (2.7.5)
  - google_sign_in_ios (0.0.1):
    - Flutter
    - FlutterMacOS
    - GoogleSignIn (~> 7.0)
  - GoogleSignIn (7.0.0):
    - AppAuth (~> 1.5)
    - GTMAppAuth (< 3.0, >= 1.3)
    - GTMSessionFetcher/Core (< 4.0, >= 1.1)
  - GTMAppAuth (2.0.0):
    - AppAuth/Core (~> 1.6)
    - GTMSessionFetcher/Core (< 4.0, >= 1.5)
  - GTMSessionFetcher/Core (3.2.0)
  - image_picker_ios (0.0.1):
    - Flutter
  - path_provider_foundation (0.0.1):
    - Flutter
    - FlutterMacOS
  - permission_handler_apple (9.1.1):
    - Flutter
  - printing (1.0.0):
    - Flutter
  - SDWebImage (5.18.9):
    - SDWebImage/Core (= 5.18.9)
  - SDWebImage/Core (5.18.9)
  - shared_preferences_foundation (0.0.1):
    - Flutter
    - FlutterMacOS
  - sign_in_with_apple (0.0.1):
    - Flutter
  - sqflite (0.0.3):
    - Flutter
    - FMDB (>= 2.7.5)
  - SwiftyGif (5.4.4)
  - webview_flutter_wkwebview (0.0.1):
    - Flutter

DEPENDENCIES:
  - file_picker (from `.symlinks/plugins/file_picker/ios`)
  - Flutter (from `Flutter`)
  - google_sign_in_ios (from `.symlinks/plugins/google_sign_in_ios/darwin`)
  - image_picker_ios (from `.symlinks/plugins/image_picker_ios/ios`)
  - path_provider_foundation (from `.symlinks/plugins/path_provider_foundation/darwin`)
  - permission_handler_apple (from `.symlinks/plugins/permission_handler_apple/ios`)
  - printing (from `.symlinks/plugins/printing/ios`)
  - shared_preferences_foundation (from `.symlinks/plugins/shared_preferences_foundation/darwin`)
  - sign_in_with_apple (from `.symlinks/plugins/sign_in_with_apple/ios`)
  - sqflite (from `.symlinks/plugins/sqflite/ios`)
  - webview_flutter_wkwebview (from `.symlinks/plugins/webview_flutter_wkwebview/ios`)

SPEC REPOS:
  trunk:
    - AppAuth
    - DKImagePickerController
    - DKPhotoGallery
    - FMDB
    - GoogleSignIn
    - GTMAppAuth
    - GTMSessionFetcher
    - SDWebImage
    - SwiftyGif

EXTERNAL SOURCES:
  file_picker:
    :path: ".symlinks/plugins/file_picker/ios"
  Flutter:
    :path: Flutter
  google_sign_in_ios:
    :path: ".symlinks/plugins/google_sign_in_ios/darwin"
  image_picker_ios:
    :path: ".symlinks/plugins/image_picker_ios/ios"
  path_provider_foundation:
    :path: ".symlinks/plugins/path_provider_foundation/darwin"
  permission_handler_apple:
    :path: ".symlinks/plugins/permission_handler_apple/ios"
  printing:
    :path: ".symlinks/plugins/printing/ios"
  shared_preferences_foundation:
    :path: ".symlinks/plugins/shared_preferences_foundation/darwin"
  sign_in_with_apple:
    :path: ".symlinks/plugins/sign_in_with_apple/ios"
  sqflite:
    :path: ".symlinks/plugins/sqflite/ios"
  webview_flutter_wkwebview:
    :path: ".symlinks/plugins/webview_flutter_wkwebview/ios"

SPEC CHECKSUMS:
  AppAuth: 3bb1d1cd9340bd09f5ed189fb00b1cc28e1e8570
  DKImagePickerController: b512c28220a2b8ac7419f21c491fc8534b7601ac
  DKPhotoGallery: fdfad5125a9fdda9cc57df834d49df790dbb4179
  file_picker: 15fd9539e4eb735dc54bae8c0534a7a9511a03de
  Flutter: e0871f40cf51350855a761d2e70bf5af5b9b5de7
  FMDB: 2ce00b547f966261cd18927a3ddb07cb6f3db82a
  google_sign_in_ios: ede92ec558c3a73ec07cb180f31820152fb8ca89
  GoogleSignIn: b232380cf495a429b8095d3178a8d5855b42e842
  GTMAppAuth: 99fb010047ba3973b7026e45393f51f27ab965ae
  GTMSessionFetcher: 41b9ef0b4c08a6db4b7eb51a21ae5183ec99a2c8
  image_picker_ios: 4a8aadfbb6dc30ad5141a2ce3832af9214a705b5
  path_provider_foundation: 29f094ae23ebbca9d3d0cec13889cd9060c0e943
  permission_handler_apple: e76247795d700c14ea09e3a2d8855d41ee80a2e6
  printing: 233e1b73bd1f4a05615548e9b5a324c98588640b
  SDWebImage: 5e9b5f18ce88146692b1a5c174858948c84ff237
  shared_preferences_foundation: 5b919d13b803cadd15ed2dc053125c68730e5126
  sign_in_with_apple: f3bf75217ea4c2c8b91823f225d70230119b8440
  sqflite: 31f7eba61e3074736dff8807a9b41581e4f7f15a
  SwiftyGif: 93a1cc87bf3a51916001cf8f3d63835fb64c819f
  webview_flutter_wkwebview: 2e2d318f21a5e036e2c3f26171342e95908bd60a

PODFILE CHECKSUM: 819463e6a0290f5a72f145ba7cde16e8b6ef0796

COCOAPODS: 1.12.1
